
Microsoft Visual Studio Solution File, Format Version 12.00
# Visual Studio Version 17
VisualStudioVersion = 17.14.36915.13 d17.14
MinimumVisualStudioVersion = 10.0.40219.1
Project("{FAE04EC0-301F-11D3-BF4B-00C04F79EFBC}") = "classMap", "classMap.csproj", "{9E894408-0A79-446B-A20A-EC1FC96EBF80}"
EndProject
Global
	GlobalSection(SolutionConfigurationPlatforms) = preSolution
		Debug|Any CPU = Debug|Any CPU
		Release|Any CPU = Release|Any CPU
	EndGlobalSection
	GlobalSection(ProjectConfigurationPlatforms) = postSolution
		{9E894408-0A79-446B-A20A-EC1FC96EBF80}.Debug|Any CPU.ActiveCfg = Debug|Any CPU
		{9E894408-0A79-446B-A20A-EC1FC96EBF80}.Debug|Any CPU.Build.0 = Debug|Any CPU
		{9E894408-0A79-446B-A20A-EC1FC96EBF80}.Release|Any CPU.ActiveCfg = Release|Any CPU
		{9E894408-0A79-446B-A20A-EC1FC96EBF80}.Release|Any CPU.Build.0 = Release|Any CPU
	EndGlobalSection
	GlobalSection(SolutionProperties) = preSolution
		HideSolutionNode = FALSE
	EndGlobalSection
	GlobalSection(ExtensibilityGlobals) = postSolution
		SolutionGuid = {9A4562B9-57EC-40D0-84F6-8AAE91DD507C}
	EndGlobalSection
EndGlobal
